
Microsoft Visual Studio Solution File, Format Version 12.00
# Visual Studio Version 16
VisualStudioVersion = 16.0.30523.141
MinimumVisualStudioVersion = 10.0.40219.1
Project("{FAE04EC0-301F-11D3-BF4B-00C04F79EFBC}") = "SGP_1.0", "SGP_1.0\SGP_1.0.csproj", "{C0B1DA4B-54F4-4E2D-B407-EC3035563F0D}"
EndProject
Global
	GlobalSection(SolutionConfigurationPlatforms) = preSolution
		Debug|Any CPU = Debug|Any CPU
		Release|Any CPU = Release|Any CPU
	EndGlobalSection
	GlobalSection(ProjectConfigurationPlatforms) = postSolution
		{C0B1DA4B-54F4-4E2D-B407-EC3035563F0D}.Debug|Any CPU.ActiveCfg = Debug|Any CPU
		{C0B1DA4B-54F4-4E2D-B407-EC3035563F0D}.Debug|Any CPU.Build.0 = Debug|Any CPU
		{C0B1DA4B-54F4-4E2D-B407-EC3035563F0D}.Release|Any CPU.ActiveCfg = Release|Any CPU
		{C0B1DA4B-54F4-4E2D-B407-EC3035563F0D}.Release|Any CPU.Build.0 = Release|Any CPU
	EndGlobalSection
	GlobalSection(SolutionProperties) = preSolution
		HideSolutionNode = FALSE
	EndGlobalSection
	GlobalSection(ExtensibilityGlobals) = postSolution
		SolutionGuid = {83812355-5E8F-40AE-AEC7-AEA2F322775C}
	EndGlobalSection
EndGlobal
